// !$*UTF8*$!
{
	archiveVersion = 1;
	classes = {
	};
	objectVersion = 50;
	objects = {

/* Begin PBXBuildFile section */
		A136A4D02164EBEB00D35F16 /* AuthService.swift in Sources */ = {isa = PBXBuildFile; fileRef = A136A4CF2164EBEB00D35F16 /* AuthService.swift */; };
		A136A4D32164F8FF00D35F16 /* RoundedButton.swift in Sources */ = {isa = PBXBuildFile; fileRef = A136A4D22164F8FF00D35F16 /* RoundedButton.swift */; };
		A151ACF42166689F00CB6B5D /* UserDataService.swift in Sources */ = {isa = PBXBuildFile; fileRef = A151ACF32166689F00CB6B5D /* UserDataService.swift */; };
		A151ACF92166815100CB6B5D /* AvatarPickerVC.swift in Sources */ = {isa = PBXBuildFile; fileRef = A151ACF82166815100CB6B5D /* AvatarPickerVC.swift */; };
		A151ACFB216684D600CB6B5D /* AvatarCell.swift in Sources */ = {isa = PBXBuildFile; fileRef = A151ACFA216684D600CB6B5D /* AvatarCell.swift */; };
		A15E60B721611F510068FA1A /* ChannelVC.swift in Sources */ = {isa = PBXBuildFile; fileRef = A15E60B621611F510068FA1A /* ChannelVC.swift */; };
		A15E60B921611F5A0068FA1A /* ChatVC.swift in Sources */ = {isa = PBXBuildFile; fileRef = A15E60B821611F5A0068FA1A /* ChatVC.swift */; };
		A1621FF12162A8DF00B7FBA1 /* Constants.swift in Sources */ = {isa = PBXBuildFile; fileRef = A1621FF02162A8DF00B7FBA1 /* Constants.swift */; };
		A1621FF32162B7E400B7FBA1 /* LoginVC.swift in Sources */ = {isa = PBXBuildFile; fileRef = A1621FF22162B7E400B7FBA1 /* LoginVC.swift */; };
		A17F386D2163CC300024CB3A /* CreateAccountVC.swift in Sources */ = {isa = PBXBuildFile; fileRef = A17F386C2163CC300024CB3A /* CreateAccountVC.swift */; };
		A1874E99216A68160094D14D /* Channel.swift in Sources */ = {isa = PBXBuildFile; fileRef = A1874E98216A68160094D14D /* Channel.swift */; };
		A1874E9B216A687D0094D14D /* MessageService.swift in Sources */ = {isa = PBXBuildFile; fileRef = A1874E9A216A687D0094D14D /* MessageService.swift */; };
		A1874E9D216A6CA70094D14D /* ChannelCell.swift in Sources */ = {isa = PBXBuildFile; fileRef = A1874E9C216A6CA70094D14D /* ChannelCell.swift */; };
		A1971C2F21693C860035571A /* CircleImage.swift in Sources */ = {isa = PBXBuildFile; fileRef = A1971C2E21693C860035571A /* CircleImage.swift */; };
		A1AC254A21625DB900F41280 /* GradienView.swift in Sources */ = {isa = PBXBuildFile; fileRef = A1AC254921625DB900F41280 /* GradienView.swift */; };
		A1D0E6AD216A368B00778E07 /* ProfileVC.swift in Sources */ = {isa = PBXBuildFile; fileRef = A1D0E6AB216A368B00778E07 /* ProfileVC.swift */; };
		A1D0E6AE216A368B00778E07 /* ProfileVC.xib in Resources */ = {isa = PBXBuildFile; fileRef = A1D0E6AC216A368B00778E07 /* ProfileVC.xib */; };
		A1F2338121610F0A0029060F /* AppDelegate.swift in Sources */ = {isa = PBXBuildFile; fileRef = A1F2338021610F0A0029060F /* AppDelegate.swift */; };
		A1F2338621610F0A0029060F /* Main.storyboard in Resources */ = {isa = PBXBuildFile; fileRef = A1F2338421610F0A0029060F /* Main.storyboard */; };
		A1F2338821610F0C0029060F /* Assets.xcassets in Resources */ = {isa = PBXBuildFile; fileRef = A1F2338721610F0C0029060F /* Assets.xcassets */; };
		A1F2338B21610F0C0029060F /* LaunchScreen.storyboard in Resources */ = {isa = PBXBuildFile; fileRef = A1F2338921610F0C0029060F /* LaunchScreen.storyboard */; };
		B02FA3755D4873080CB55718 /* Pods_TeamChat.framework in Frameworks */ = {isa = PBXBuildFile; fileRef = B97009C068665545DC824E0B /* Pods_TeamChat.framework */; };
/* End PBXBuildFile section */

/* Begin PBXFileReference section */
		1A1005AF7648943BB45FDB3D /* Pods-TeamChat.debug.xcconfig */ = {isa = PBXFileReference; includeInIndex = 1; lastKnownFileType = text.xcconfig; name = "Pods-TeamChat.debug.xcconfig"; path = "Pods/Target Support Files/Pods-TeamChat/Pods-TeamChat.debug.xcconfig"; sourceTree = "<group>"; };
		672CAFBE1FFCE4170387DD6F /* Pods-TeamChat.release.xcconfig */ = {isa = PBXFileReference; includeInIndex = 1; lastKnownFileType = text.xcconfig; name = "Pods-TeamChat.release.xcconfig"; path = "Pods/Target Support Files/Pods-TeamChat/Pods-TeamChat.release.xcconfig"; sourceTree = "<group>"; };
		A136A4CF2164EBEB00D35F16 /* AuthService.swift */ = {isa = PBXFileReference; lastKnownFileType = sourcecode.swift; path = AuthService.swift; sourceTree = "<group>"; };
		A136A4D22164F8FF00D35F16 /* RoundedButton.swift */ = {isa = PBXFileReference; lastKnownFileType = sourcecode.swift; path = RoundedButton.swift; sourceTree = "<group>"; };
		A151ACF32166689F00CB6B5D /* UserDataService.swift */ = {isa = PBXFileReference; lastKnownFileType = sourcecode.swift; path = UserDataService.swift; sourceTree = "<group>"; };
		A151ACF82166815100CB6B5D /* AvatarPickerVC.swift */ = {isa = PBXFileReference; lastKnownFileType = sourcecode.swift; path = AvatarPickerVC.swift; sourceTree = "<group>"; };
		A151ACFA216684D600CB6B5D /* AvatarCell.swift */ = {isa = PBXFileReference; lastKnownFileType = sourcecode.swift; path = AvatarCell.swift; sourceTree = "<group>"; };
		A15E60B621611F510068FA1A /* ChannelVC.swift */ = {isa = PBXFileReference; lastKnownFileType = sourcecode.swift; path = ChannelVC.swift; sourceTree = "<group>"; };
		A15E60B821611F5A0068FA1A /* ChatVC.swift */ = {isa = PBXFileReference; lastKnownFileType = sourcecode.swift; path = ChatVC.swift; sourceTree = "<group>"; };
		A1621FF02162A8DF00B7FBA1 /* Constants.swift */ = {isa = PBXFileReference; lastKnownFileType = sourcecode.swift; path = Constants.swift; sourceTree = "<group>"; };
		A1621FF22162B7E400B7FBA1 /* LoginVC.swift */ = {isa = PBXFileReference; lastKnownFileType = sourcecode.swift; path = LoginVC.swift; sourceTree = "<group>"; };
		A17F386C2163CC300024CB3A /* CreateAccountVC.swift */ = {isa = PBXFileReference; lastKnownFileType = sourcecode.swift; path = CreateAccountVC.swift; sourceTree = "<group>"; };
		A1874E98216A68160094D14D /* Channel.swift */ = {isa = PBXFileReference; lastKnownFileType = sourcecode.swift; path = Channel.swift; sourceTree = "<group>"; };
		A1874E9A216A687D0094D14D /* MessageService.swift */ = {isa = PBXFileReference; lastKnownFileType = sourcecode.swift; path = MessageService.swift; sourceTree = "<group>"; };
		A1874E9C216A6CA70094D14D /* ChannelCell.swift */ = {isa = PBXFileReference; lastKnownFileType = sourcecode.swift; path = ChannelCell.swift; sourceTree = "<group>"; };
		A1971C2E21693C860035571A /* CircleImage.swift */ = {isa = PBXFileReference; lastKnownFileType = sourcecode.swift; path = CircleImage.swift; sourceTree = "<group>"; };
		A1AC254921625DB900F41280 /* GradienView.swift */ = {isa = PBXFileReference; lastKnownFileType = sourcecode.swift; path = GradienView.swift; sourceTree = "<group>"; };
		A1D0E6AB216A368B00778E07 /* ProfileVC.swift */ = {isa = PBXFileReference; lastKnownFileType = sourcecode.swift; path = ProfileVC.swift; sourceTree = "<group>"; };
		A1D0E6AC216A368B00778E07 /* ProfileVC.xib */ = {isa = PBXFileReference; lastKnownFileType = file.xib; path = ProfileVC.xib; sourceTree = "<group>"; };
		A1F2337D21610F0A0029060F /* TeamChat.app */ = {isa = PBXFileReference; explicitFileType = wrapper.application; includeInIndex = 0; path = TeamChat.app; sourceTree = BUILT_PRODUCTS_DIR; };
		A1F2338021610F0A0029060F /* AppDelegate.swift */ = {isa = PBXFileReference; lastKnownFileType = sourcecode.swift; path = AppDelegate.swift; sourceTree = "<group>"; };
		A1F2338521610F0A0029060F /* Base */ = {isa = PBXFileReference; lastKnownFileType = file.storyboard; name = Base; path = Base.lproj/Main.storyboard; sourceTree = "<group>"; };
		A1F2338721610F0C0029060F /* Assets.xcassets */ = {isa = PBXFileReference; lastKnownFileType = folder.assetcatalog; path = Assets.xcassets; sourceTree = "<group>"; };
		A1F2338A21610F0C0029060F /* Base */ = {isa = PBXFileReference; lastKnownFileType = file.storyboard; name = Base; path = Base.lproj/LaunchScreen.storyboard; sourceTree = "<group>"; };
		A1F2338C21610F0C0029060F /* Info.plist */ = {isa = PBXFileReference; lastKnownFileType = text.plist.xml; path = Info.plist; sourceTree = "<group>"; };
		B97009C068665545DC824E0B /* Pods_TeamChat.framework */ = {isa = PBXFileReference; explicitFileType = wrapper.framework; includeInIndex = 0; path = Pods_TeamChat.framework; sourceTree = BUILT_PRODUCTS_DIR; };
/* End PBXFileReference section */

/* Begin PBXFrameworksBuildPhase section */
		A1F2337A21610F0A0029060F /* Frameworks */ = {
			isa = PBXFrameworksBuildPhase;
			buildActionMask = 2147483647;
			files = (
				B02FA3755D4873080CB55718 /* Pods_TeamChat.framework in Frameworks */,
			);
			runOnlyForDeploymentPostprocessing = 0;
		};
/* End PBXFrameworksBuildPhase section */

/* Begin PBXGroup section */
		07C56BBB3110B0C5EC0FDBA2 /* Frameworks */ = {
			isa = PBXGroup;
			children = (
				B97009C068665545DC824E0B /* Pods_TeamChat.framework */,
			);
			name = Frameworks;
			sourceTree = "<group>";
		};
		104C95B1ADF778D1E08981D7 /* Pods */ = {
			isa = PBXGroup;
			children = (
				1A1005AF7648943BB45FDB3D /* Pods-TeamChat.debug.xcconfig */,
				672CAFBE1FFCE4170387DD6F /* Pods-TeamChat.release.xcconfig */,
			);
			name = Pods;
			sourceTree = "<group>";
		};
		A136A4CE2164EB6900D35F16 /* Services */ = {
			isa = PBXGroup;
			children = (
				A136A4CF2164EBEB00D35F16 /* AuthService.swift */,
				A151ACF32166689F00CB6B5D /* UserDataService.swift */,
				A1874E9A216A687D0094D14D /* MessageService.swift */,
			);
			path = Services;
			sourceTree = "<group>";
		};
		A15E60B321611EFD0068FA1A /* Controller */ = {
			isa = PBXGroup;
			children = (
				A15E60B621611F510068FA1A /* ChannelVC.swift */,
				A15E60B821611F5A0068FA1A /* ChatVC.swift */,
				A1621FF22162B7E400B7FBA1 /* LoginVC.swift */,
				A17F386C2163CC300024CB3A /* CreateAccountVC.swift */,
				A151ACF82166815100CB6B5D /* AvatarPickerVC.swift */,
				A1D0E6AB216A368B00778E07 /* ProfileVC.swift */,
			);
			path = Controller;
			sourceTree = "<group>";
		};
		A15E60B421611F080068FA1A /* View */ = {
			isa = PBXGroup;
			children = (
				A1AC254921625DB900F41280 /* GradienView.swift */,
				A136A4D22164F8FF00D35F16 /* RoundedButton.swift */,
				A151ACFA216684D600CB6B5D /* AvatarCell.swift */,
				A1971C2E21693C860035571A /* CircleImage.swift */,
				A1874E9C216A6CA70094D14D /* ChannelCell.swift */,
			);
			path = View;
			sourceTree = "<group>";
		};
		A15E60B521611F0A0068FA1A /* Model */ = {
			isa = PBXGroup;
			children = (
				A1874E98216A68160094D14D /* Channel.swift */,
			);
			path = Model;
			sourceTree = "<group>";
		};
		A1621FEF2162A8CE00B7FBA1 /* Utilities */ = {
			isa = PBXGroup;
			children = (
				A1621FF02162A8DF00B7FBA1 /* Constants.swift */,
			);
			path = Utilities;
			sourceTree = "<group>";
		};
		A1D0E6AF216A369000778E07 /* XIBs */ = {
			isa = PBXGroup;
			children = (
				A1D0E6AC216A368B00778E07 /* ProfileVC.xib */,
			);
			path = XIBs;
			sourceTree = "<group>";
		};
		A1F2337421610F0A0029060F = {
			isa = PBXGroup;
			children = (
				A1F2337F21610F0A0029060F /* TeamChat */,
				A1F2337E21610F0A0029060F /* Products */,
				104C95B1ADF778D1E08981D7 /* Pods */,
				07C56BBB3110B0C5EC0FDBA2 /* Frameworks */,
			);
			sourceTree = "<group>";
		};
		A1F2337E21610F0A0029060F /* Products */ = {
			isa = PBXGroup;
			children = (
				A1F2337D21610F0A0029060F /* TeamChat.app */,
			);
			name = Products;
			sourceTree = "<group>";
		};
		A1F2337F21610F0A0029060F /* TeamChat */ = {
			isa = PBXGroup;
			children = (
				A1D0E6AF216A369000778E07 /* XIBs */,
				A136A4CE2164EB6900D35F16 /* Services */,
				A1621FEF2162A8CE00B7FBA1 /* Utilities */,
				A15E60B521611F0A0068FA1A /* Model */,
				A15E60B421611F080068FA1A /* View */,
				A15E60B321611EFD0068FA1A /* Controller */,
				A1F2338021610F0A0029060F /* AppDelegate.swift */,
				A1F2338421610F0A0029060F /* Main.storyboard */,
				A1F2338721610F0C0029060F /* Assets.xcassets */,
				A1F2338921610F0C0029060F /* LaunchScreen.storyboard */,
				A1F2338C21610F0C0029060F /* Info.plist */,
			);
			path = TeamChat;
			sourceTree = "<group>";
		};
/* End PBXGroup section */

/* Begin PBXNativeTarget section */
		A1F2337C21610F0A0029060F /* TeamChat */ = {
			isa = PBXNativeTarget;
			buildConfigurationList = A1F2338F21610F0C0029060F /* Build configuration list for PBXNativeTarget "TeamChat" */;
			buildPhases = (
				676528C007B1160FF3AED391 /* [CP] Check Pods Manifest.lock */,
				A1F2337921610F0A0029060F /* Sources */,
				A1F2337A21610F0A0029060F /* Frameworks */,
				A1F2337B21610F0A0029060F /* Resources */,
				3E9563B3399159E67839A1B4 /* [CP] Embed Pods Frameworks */,
			);
			buildRules = (
			);
			dependencies = (
			);
			name = TeamChat;
			productName = TeamChat;
			productReference = A1F2337D21610F0A0029060F /* TeamChat.app */;
			productType = "com.apple.product-type.application";
		};
/* End PBXNativeTarget section */

/* Begin PBXProject section */
		A1F2337521610F0A0029060F /* Project object */ = {
			isa = PBXProject;
			attributes = {
				LastSwiftUpdateCheck = 1000;
				LastUpgradeCheck = 1000;
				ORGANIZATIONNAME = YouSS;
				TargetAttributes = {
					A1F2337C21610F0A0029060F = {
						CreatedOnToolsVersion = 10.0;
					};
				};
			};
			buildConfigurationList = A1F2337821610F0A0029060F /* Build configuration list for PBXProject "TeamChat" */;
			compatibilityVersion = "Xcode 9.3";
			developmentRegion = en;
			hasScannedForEncodings = 0;
			knownRegions = (
				en,
				Base,
			);
			mainGroup = A1F2337421610F0A0029060F;
			productRefGroup = A1F2337E21610F0A0029060F /* Products */;
			projectDirPath = "";
			projectRoot = "";
			targets = (
				A1F2337C21610F0A0029060F /* TeamChat */,
			);
		};
/* End PBXProject section */

/* Begin PBXResourcesBuildPhase section */
		A1F2337B21610F0A0029060F /* Resources */ = {
			isa = PBXResourcesBuildPhase;
			buildActionMask = 2147483647;
			files = (
				A1D0E6AE216A368B00778E07 /* ProfileVC.xib in Resources */,
				A1F2338B21610F0C0029060F /* LaunchScreen.storyboard in Resources */,
				A1F2338821610F0C0029060F /* Assets.xcassets in Resources */,
				A1F2338621610F0A0029060F /* Main.storyboard in Resources */,
			);
			runOnlyForDeploymentPostprocessing = 0;
		};
/* End PBXResourcesBuildPhase section */

/* Begin PBXShellScriptBuildPhase section */
		3E9563B3399159E67839A1B4 /* [CP] Embed Pods Frameworks */ = {
			isa = PBXShellScriptBuildPhase;
			buildActionMask = 2147483647;
			files = (
			);
			inputPaths = (
				"${SRCROOT}/Pods/Target Support Files/Pods-TeamChat/Pods-TeamChat-frameworks.sh",
				"${BUILT_PRODUCTS_DIR}/Alamofire/Alamofire.framework",
				"${BUILT_PRODUCTS_DIR}/SideMenu/SideMenu.framework",
				"${BUILT_PRODUCTS_DIR}/Socket.IO-Client-Swift/SocketIO.framework",
				"${BUILT_PRODUCTS_DIR}/Starscream/Starscream.framework",
				"${BUILT_PRODUCTS_DIR}/SwiftyJSON/SwiftyJSON.framework",
			);
			name = "[CP] Embed Pods Frameworks";
			outputPaths = (
				"${TARGET_BUILD_DIR}/${FRAMEWORKS_FOLDER_PATH}/Alamofire.framework",
				"${TARGET_BUILD_DIR}/${FRAMEWORKS_FOLDER_PATH}/SideMenu.framework",
				"${TARGET_BUILD_DIR}/${FRAMEWORKS_FOLDER_PATH}/SocketIO.framework",
				"${TARGET_BUILD_DIR}/${FRAMEWORKS_FOLDER_PATH}/Starscream.framework",
				"${TARGET_BUILD_DIR}/${FRAMEWORKS_FOLDER_PATH}/SwiftyJSON.framework",
			);
			runOnlyForDeploymentPostprocessing = 0;
			shellPath = /bin/sh;
			shellScript = "\"${SRCROOT}/Pods/Target Support Files/Pods-TeamChat/Pods-TeamChat-frameworks.sh\"\n";
			showEnvVarsInLog = 0;
		};
		676528C007B1160FF3AED391 /* [CP] Check Pods Manifest.lock */ = {
			isa = PBXShellScriptBuildPhase;
			buildActionMask = 2147483647;
			files = (
			);
			inputPaths = (
				"${PODS_PODFILE_DIR_PATH}/Podfile.lock",
				"${PODS_ROOT}/Manifest.lock",
			);
			name = "[CP] Check Pods Manifest.lock";
			outputPaths = (
				"$(DERIVED_FILE_DIR)/Pods-TeamChat-checkManifestLockResult.txt",
			);
			runOnlyForDeploymentPostprocessing = 0;
			shellPath = /bin/sh;
			shellScript = "diff \"${PODS_PODFILE_DIR_PATH}/Podfile.lock\" \"${PODS_ROOT}/Manifest.lock\" > /dev/null\nif [ $? != 0 ] ; then\n    # print error to STDERR\n    echo \"error: The sandbox is not in sync with the Podfile.lock. Run 'pod install' or update your CocoaPods installation.\" >&2\n    exit 1\nfi\n# This output is used by Xcode 'outputs' to avoid re-running this script phase.\necho \"SUCCESS\" > \"${SCRIPT_OUTPUT_FILE_0}\"\n";
			showEnvVarsInLog = 0;
		};
/* End PBXShellScriptBuildPhase section */

/* Begin PBXSourcesBuildPhase section */
		A1F2337921610F0A0029060F /* Sources */ = {
			isa = PBXSourcesBuildPhase;
			buildActionMask = 2147483647;
			files = (
				A1621FF12162A8DF00B7FBA1 /* Constants.swift in Sources */,
				A1874E99216A68160094D14D /* Channel.swift in Sources */,
				A15E60B921611F5A0068FA1A /* ChatVC.swift in Sources */,
				A1D0E6AD216A368B00778E07 /* ProfileVC.swift in Sources */,
				A151ACF92166815100CB6B5D /* AvatarPickerVC.swift in Sources */,
				A1874E9B216A687D0094D14D /* MessageService.swift in Sources */,
				A1971C2F21693C860035571A /* CircleImage.swift in Sources */,
				A1621FF32162B7E400B7FBA1 /* LoginVC.swift in Sources */,
				A1AC254A21625DB900F41280 /* GradienView.swift in Sources */,
				A136A4D32164F8FF00D35F16 /* RoundedButton.swift in Sources */,
				A17F386D2163CC300024CB3A /* CreateAccountVC.swift in Sources */,
				A151ACF42166689F00CB6B5D /* UserDataService.swift in Sources */,
				A1874E9D216A6CA70094D14D /* ChannelCell.swift in Sources */,
				A15E60B721611F510068FA1A /* ChannelVC.swift in Sources */,
				A1F2338121610F0A0029060F /* AppDelegate.swift in Sources */,
				A151ACFB216684D600CB6B5D /* AvatarCell.swift in Sources */,
				A136A4D02164EBEB00D35F16 /* AuthService.swift in Sources */,
			);
			runOnlyForDeploymentPostprocessing = 0;
		};
/* End PBXSourcesBuildPhase section */

/* Begin PBXVariantGroup section */
		A1F2338421610F0A0029060F /* Main.storyboard */ = {
			isa = PBXVariantGroup;
			children = (
				A1F2338521610F0A0029060F /* Base */,
			);
			name = Main.storyboard;
			sourceTree = "<group>";
		};
		A1F2338921610F0C0029060F /* LaunchScreen.storyboard */ = {
			isa = PBXVariantGroup;
			children = (
				A1F2338A21610F0C0029060F /* Base */,
			);
			name = LaunchScreen.storyboard;
			sourceTree = "<group>";
		};
/* End PBXVariantGroup section */

/* Begin XCBuildConfiguration section */
		A1F2338D21610F0C0029060F /* Debug */ = {
			isa = XCBuildConfiguration;
			buildSettings = {
				ALWAYS_SEARCH_USER_PATHS = NO;
				CLANG_ANALYZER_NONNULL = YES;
				CLANG_ANALYZER_NUMBER_OBJECT_CONVERSION = YES_AGGRESSIVE;
				CLANG_CXX_LANGUAGE_STANDARD = "gnu++14";
				CLANG_CXX_LIBRARY = "libc++";
				CLANG_ENABLE_MODULES = YES;
				CLANG_ENABLE_OBJC_ARC = YES;
				CLANG_ENABLE_OBJC_WEAK = YES;
				CLANG_WARN_BLOCK_CAPTURE_AUTORELEASING = YES;
				CLANG_WARN_BOOL_CONVERSION = YES;
				CLANG_WARN_COMMA = YES;
				CLANG_WARN_CONSTANT_CONVERSION = YES;
				CLANG_WARN_DEPRECATED_OBJC_IMPLEMENTATIONS = YES;
				CLANG_WARN_DIRECT_OBJC_ISA_USAGE = YES_ERROR;
				CLANG_WARN_DOCUMENTATION_COMMENTS = YES;
				CLANG_WARN_EMPTY_BODY = YES;
				CLANG_WARN_ENUM_CONVERSION = YES;
				CLANG_WARN_INFINITE_RECURSION = YES;
				CLANG_WARN_INT_CONVERSION = YES;
				CLANG_WARN_NON_LITERAL_NULL_CONVERSION = YES;
				CLANG_WARN_OBJC_IMPLICIT_RETAIN_SELF = YES;
				CLANG_WARN_OBJC_LITERAL_CONVERSION = YES;
				CLANG_WARN_OBJC_ROOT_CLASS = YES_ERROR;
				CLANG_WARN_RANGE_LOOP_ANALYSIS = YES;
				CLANG_WARN_STRICT_PROTOTYPES = YES;
				CLANG_WARN_SUSPICIOUS_MOVE = YES;
				CLANG_WARN_UNGUARDED_AVAILABILITY = YES_AGGRESSIVE;
				CLANG_WARN_UNREACHABLE_CODE = YES;
				CLANG_WARN__DUPLICATE_METHOD_MATCH = YES;
				CODE_SIGN_IDENTITY = "iPhone Developer";
				COPY_PHASE_STRIP = NO;
				DEBUG_INFORMATION_FORMAT = dwarf;
				ENABLE_STRICT_OBJC_MSGSEND = YES;
				ENABLE_TESTABILITY = YES;
				GCC_C_LANGUAGE_STANDARD = gnu11;
				GCC_DYNAMIC_NO_PIC = NO;
				GCC_NO_COMMON_BLOCKS = YES;
				GCC_OPTIMIZATION_LEVEL = 0;
				GCC_PREPROCESSOR_DEFINITIONS = (
					"DEBUG=1",
					"$(inherited)",
				);
				GCC_WARN_64_TO_32_BIT_CONVERSION = YES;
				GCC_WARN_ABOUT_RETURN_TYPE = YES_ERROR;
				GCC_WARN_UNDECLARED_SELECTOR = YES;
				GCC_WARN_UNINITIALIZED_AUTOS = YES_AGGRESSIVE;
				GCC_WARN_UNUSED_FUNCTION = YES;
				GCC_WARN_UNUSED_VARIABLE = YES;
				IPHONEOS_DEPLOYMENT_TARGET = 12.0;
				MTL_ENABLE_DEBUG_INFO = INCLUDE_SOURCE;
				MTL_FAST_MATH = YES;
				ONLY_ACTIVE_ARCH = YES;
				SDKROOT = iphoneos;
				SWIFT_ACTIVE_COMPILATION_CONDITIONS = DEBUG;
				SWIFT_OPTIMIZATION_LEVEL = "-Onone";
			};
			name = Debug;
		};
		A1F2338E21610F0C0029060F /* Release */ = {
			isa = XCBuildConfiguration;
			buildSettings = {
				ALWAYS_SEARCH_USER_PATHS = NO;
				CLANG_ANALYZER_NONNULL = YES;
				CLANG_ANALYZER_NUMBER_OBJECT_CONVERSION = YES_AGGRESSIVE;
				CLANG_CXX_LANGUAGE_STANDARD = "gnu++14";
				CLANG_CXX_LIBRARY = "libc++";
				CLANG_ENABLE_MODULES = YES;
				CLANG_ENABLE_OBJC_ARC = YES;
				CLANG_ENABLE_OBJC_WEAK = YES;
				CLANG_WARN_BLOCK_CAPTURE_AUTORELEASING = YES;
				CLANG_WARN_BOOL_CONVERSION = YES;
				CLANG_WARN_COMMA = YES;
				CLANG_WARN_CONSTANT_CONVERSION = YES;
				CLANG_WARN_DEPRECATED_OBJC_IMPLEMENTATIONS = YES;
				CLANG_WARN_DIRECT_OBJC_ISA_USAGE = YES_ERROR;
				CLANG_WARN_DOCUMENTATION_COMMENTS = YES;
				CLANG_WARN_EMPTY_BODY = YES;
				CLANG_WARN_ENUM_CONVERSION = YES;
				CLANG_WARN_INFINITE_RECURSION = YES;
				CLANG_WARN_INT_CONVERSION = YES;
				CLANG_WARN_NON_LITERAL_NULL_CONVERSION = YES;
				CLANG_WARN_OBJC_IMPLICIT_RETAIN_SELF = YES;
				CLANG_WARN_OBJC_LITERAL_CONVERSION = YES;
				CLANG_WARN_OBJC_ROOT_CLASS = YES_ERROR;
				CLANG_WARN_RANGE_LOOP_ANALYSIS = YES;
				CLANG_WARN_STRICT_PROTOTYPES = YES;
				CLANG_WARN_SUSPICIOUS_MOVE = YES;
				CLANG_WARN_UNGUARDED_AVAILABILITY = YES_AGGRESSIVE;
				CLANG_WARN_UNREACHABLE_CODE = YES;
				CLANG_WARN__DUPLICATE_METHOD_MATCH = YES;
				CODE_SIGN_IDENTITY = "iPhone Developer";
				COPY_PHASE_STRIP = NO;
				DEBUG_INFORMATION_FORMAT = "dwarf-with-dsym";
				ENABLE_NS_ASSERTIONS = NO;
				ENABLE_STRICT_OBJC_MSGSEND = YES;
				GCC_C_LANGUAGE_STANDARD = gnu11;
				GCC_NO_COMMON_BLOCKS = YES;
				GCC_WARN_64_TO_32_BIT_CONVERSION = YES;
				GCC_WARN_ABOUT_RETURN_TYPE = YES_ERROR;
				GCC_WARN_UNDECLARED_SELECTOR = YES;
				GCC_WARN_UNINITIALIZED_AUTOS = YES_AGGRESSIVE;
				GCC_WARN_UNUSED_FUNCTION = YES;
				GCC_WARN_UNUSED_VARIABLE = YES;
				IPHONEOS_DEPLOYMENT_TARGET = 12.0;
				MTL_ENABLE_DEBUG_INFO = NO;
				MTL_FAST_MATH = YES;
				SDKROOT = iphoneos;
				SWIFT_COMPILATION_MODE = wholemodule;
				SWIFT_OPTIMIZATION_LEVEL = "-O";
				VALIDATE_PRODUCT = YES;
			};
			name = Release;
		};
		A1F2339021610F0C0029060F /* Debug */ = {
			isa = XCBuildConfiguration;
			baseConfigurationReference = 1A1005AF7648943BB45FDB3D /* Pods-TeamChat.debug.xcconfig */;
			buildSettings = {
				ASSETCATALOG_COMPILER_APPICON_NAME = AppIcon;
				CODE_SIGN_STYLE = Automatic;
				DEVELOPMENT_TEAM = J23784DB3R;
				INFOPLIST_FILE = TeamChat/Info.plist;
				LD_RUNPATH_SEARCH_PATHS = (
					"$(inherited)",
					"@executable_path/Frameworks",
				);
				PRODUCT_BUNDLE_IDENTIFIER = com.test.TeamChat;
				PRODUCT_NAME = "$(TARGET_NAME)";
				SWIFT_VERSION = 4.2;
				TARGETED_DEVICE_FAMILY = "1,2";
			};
			name = Debug;
		};
		A1F2339121610F0C0029060F /* Release */ = {
			isa = XCBuildConfiguration;
			baseConfigurationReference = 672CAFBE1FFCE4170387DD6F /* Pods-TeamChat.release.xcconfig */;
			buildSettings = {
				ASSETCATALOG_COMPILER_APPICON_NAME = AppIcon;
				CODE_SIGN_STYLE = Automatic;
				DEVELOPMENT_TEAM = J23784DB3R;
				INFOPLIST_FILE = TeamChat/Info.plist;
				LD_RUNPATH_SEARCH_PATHS = (
					"$(inherited)",
					"@executable_path/Frameworks",
				);
				PRODUCT_BUNDLE_IDENTIFIER = com.test.TeamChat;
				PRODUCT_NAME = "$(TARGET_NAME)";
				SWIFT_VERSION = 4.2;
				TARGETED_DEVICE_FAMILY = "1,2";
			};
			name = Release;
		};
/* End XCBuildConfiguration section */

/* Begin XCConfigurationList section */
		A1F2337821610F0A0029060F /* Build configuration list for PBXProject "TeamChat" */ = {
			isa = XCConfigurationList;
			buildConfigurations = (
				A1F2338D21610F0C0029060F /* Debug */,
				A1F2338E21610F0C0029060F /* Release */,
			);
			defaultConfigurationIsVisible = 0;
			defaultConfigurationName = Release;
		};
		A1F2338F21610F0C0029060F /* Build configuration list for PBXNativeTarget "TeamChat" */ = {
			isa = XCConfigurationList;
			buildConfigurations = (
				A1F2339021610F0C0029060F /* Debug */,
				A1F2339121610F0C0029060F /* Release */,
			);
			defaultConfigurationIsVisible = 0;
			defaultConfigurationName = Release;
		};
/* End XCConfigurationList section */
	};
	rootObject = A1F2337521610F0A0029060F /* Project object */;
}
